
Microsoft Visual Studio Solution File, Format Version 12.00
# Visual Studio Version 17
VisualStudioVersion = 17.4.33213.308
MinimumVisualStudioVersion = 10.0.40219.1
Project("{9A19103F-16F7-4668-BE54-9A1E7A4F7556}") = "MATTAR.Reporting.Console", "sample\MATTAR.Reporting.Console.csproj", "{97CCB86A-AE37-4E08-9F22-92C49B1F5BE3}"
EndProject
Project("{9A19103F-16F7-4668-BE54-9A1E7A4F7556}") = "MATTAR.Reporting", "src\MATTAR.Reporting.csproj", "{7713821F-8513-442B-BF7F-1332578C5D59}"
EndProject
Global
	GlobalSection(SolutionConfigurationPlatforms) = preSolution
		Debug|Any CPU = Debug|Any CPU
		Release|Any CPU = Release|Any CPU
	EndGlobalSection
	GlobalSection(ProjectConfigurationPlatforms) = postSolution
		{97CCB86A-AE37-4E08-9F22-92C49B1F5BE3}.Debug|Any CPU.ActiveCfg = Debug|Any CPU
		{97CCB86A-AE37-4E08-9F22-92C49B1F5BE3}.Debug|Any CPU.Build.0 = Debug|Any CPU
		{97CCB86A-AE37-4E08-9F22-92C49B1F5BE3}.Release|Any CPU.ActiveCfg = Release|Any CPU
		{97CCB86A-AE37-4E08-9F22-92C49B1F5BE3}.Release|Any CPU.Build.0 = Release|Any CPU
		{7713821F-8513-442B-BF7F-1332578C5D59}.Debug|Any CPU.ActiveCfg = Debug|Any CPU
		{7713821F-8513-442B-BF7F-1332578C5D59}.Debug|Any CPU.Build.0 = Debug|Any CPU
		{7713821F-8513-442B-BF7F-1332578C5D59}.Release|Any CPU.ActiveCfg = Release|Any CPU
		{7713821F-8513-442B-BF7F-1332578C5D59}.Release|Any CPU.Build.0 = Release|Any CPU
	EndGlobalSection
	GlobalSection(SolutionProperties) = preSolution
		HideSolutionNode = FALSE
	EndGlobalSection
	GlobalSection(ExtensibilityGlobals) = postSolution
		SolutionGuid = {BC0A00A5-F20A-450B-8B5E-317D5AE0D62F}
	EndGlobalSection
EndGlobal
